
Microsoft Visual Studio Solution File, Format Version 12.00
# Visual Studio 15
VisualStudioVersion = 15.0.28010.2019
MinimumVisualStudioVersion = 10.0.40219.1
Project("{888888A0-9F3D-457C-B088-3A5042F75D52}") = "Bodeador", "Bodeador\Bodeador.pyproj", "{EF2A12ED-3F10-4835-AAF3-03D6F0349783}"
EndProject
Global
	GlobalSection(SolutionConfigurationPlatforms) = preSolution
		Debug|Any CPU = Debug|Any CPU
		Release|Any CPU = Release|Any CPU
	EndGlobalSection
	GlobalSection(ProjectConfigurationPlatforms) = postSolution
		{EF2A12ED-3F10-4835-AAF3-03D6F0349783}.Debug|Any CPU.ActiveCfg = Debug|Any CPU
		{EF2A12ED-3F10-4835-AAF3-03D6F0349783}.Release|Any CPU.ActiveCfg = Release|Any CPU
	EndGlobalSection
	GlobalSection(SolutionProperties) = preSolution
		HideSolutionNode = FALSE
	EndGlobalSection
	GlobalSection(ExtensibilityGlobals) = postSolution
		SolutionGuid = {CE5DD844-6D8E-4275-9A04-9062C46287E0}
	EndGlobalSection
EndGlobal
